
Microsoft Visual Studio Solution File, Format Version 12.00
# Visual Studio Version 17
VisualStudioVersion = 17.14.36518.9
MinimumVisualStudioVersion = 10.0.40219.1
Project("{FAE04EC0-301F-11D3-BF4B-00C04F79EFBC}") = "PROG6212_CMCS", "PROG6212_CMCS.csproj", "{E200DB23-5F48-4815-8395-3631F06C56D9}"
EndProject
Project("{FAE04EC0-301F-11D3-BF4B-00C04F79EFBC}") = "Test", "..\Test\Test.csproj", "{B56E7682-1F86-43D8-AB6C-8E3CE77A4C4C}"
EndProject
Global
	GlobalSection(SolutionConfigurationPlatforms) = preSolution
		Debug|Any CPU = Debug|Any CPU
		Release|Any CPU = Release|Any CPU
	EndGlobalSection
	GlobalSection(ProjectConfigurationPlatforms) = postSolution
		{E200DB23-5F48-4815-8395-3631F06C56D9}.Debug|Any CPU.ActiveCfg = Debug|Any CPU
		{E200DB23-5F48-4815-8395-3631F06C56D9}.Debug|Any CPU.Build.0 = Debug|Any CPU
		{E200DB23-5F48-4815-8395-3631F06C56D9}.Release|Any CPU.ActiveCfg = Release|Any CPU
		{E200DB23-5F48-4815-8395-3631F06C56D9}.Release|Any CPU.Build.0 = Release|Any CPU
		{B56E7682-1F86-43D8-AB6C-8E3CE77A4C4C}.Debug|Any CPU.ActiveCfg = Debug|Any CPU
		{B56E7682-1F86-43D8-AB6C-8E3CE77A4C4C}.Debug|Any CPU.Build.0 = Debug|Any CPU
		{B56E7682-1F86-43D8-AB6C-8E3CE77A4C4C}.Release|Any CPU.ActiveCfg = Release|Any CPU
		{B56E7682-1F86-43D8-AB6C-8E3CE77A4C4C}.Release|Any CPU.Build.0 = Release|Any CPU
	EndGlobalSection
	GlobalSection(SolutionProperties) = preSolution
		HideSolutionNode = FALSE
	EndGlobalSection
	GlobalSection(ExtensibilityGlobals) = postSolution
		SolutionGuid = {A4728B81-CA73-41C5-A86E-EBAF186DD5D0}
	EndGlobalSection
EndGlobal
